
Microsoft Visual Studio Solution File, Format Version 12.00
# Visual Studio Version 17
VisualStudioVersion = 17.8.34511.84
MinimumVisualStudioVersion = 10.0.40219.1
Project("{FAE04EC0-301F-11D3-BF4B-00C04F79EFBC}") = "Auto.School.Mobile", "Auto.School.Mobile\Auto.School.Mobile.csproj", "{C561B63B-1F20-430E-AEA9-D88DCA4683FE}"
EndProject
Global
	GlobalSection(SolutionConfigurationPlatforms) = preSolution
		Debug|Any CPU = Debug|Any CPU
		Release|Any CPU = Release|Any CPU
	EndGlobalSection
	GlobalSection(ProjectConfigurationPlatforms) = postSolution
		{C561B63B-1F20-430E-AEA9-D88DCA4683FE}.Debug|Any CPU.ActiveCfg = Debug|Any CPU
		{C561B63B-1F20-430E-AEA9-D88DCA4683FE}.Debug|Any CPU.Build.0 = Debug|Any CPU
		{C561B63B-1F20-430E-AEA9-D88DCA4683FE}.Debug|Any CPU.Deploy.0 = Debug|Any CPU
		{C561B63B-1F20-430E-AEA9-D88DCA4683FE}.Release|Any CPU.ActiveCfg = Release|Any CPU
		{C561B63B-1F20-430E-AEA9-D88DCA4683FE}.Release|Any CPU.Build.0 = Release|Any CPU
		{C561B63B-1F20-430E-AEA9-D88DCA4683FE}.Release|Any CPU.Deploy.0 = Release|Any CPU
	EndGlobalSection
	GlobalSection(SolutionProperties) = preSolution
		HideSolutionNode = FALSE
	EndGlobalSection
	GlobalSection(ExtensibilityGlobals) = postSolution
		SolutionGuid = {B6F31CBB-77F2-45D0-885B-B6E92255007B}
	EndGlobalSection
EndGlobal
